
Microsoft Visual Studio Solution File, Format Version 12.00
# Visual Studio Version 17
VisualStudioVersion = 17.13.35818.85 d17.13
MinimumVisualStudioVersion = 10.0.40219.1
Project("{FAE04EC0-301F-11D3-BF4B-00C04F79EFBC}") = "accountManagement", "accountManagement\accountManagement.csproj", "{47FFF53F-2088-459A-BD9B-A37BDD641CE8}"
EndProject
Global
	GlobalSection(SolutionConfigurationPlatforms) = preSolution
		Debug|Any CPU = Debug|Any CPU
		Release|Any CPU = Release|Any CPU
	EndGlobalSection
	GlobalSection(ProjectConfigurationPlatforms) = postSolution
		{47FFF53F-2088-459A-BD9B-A37BDD641CE8}.Debug|Any CPU.ActiveCfg = Debug|Any CPU
		{47FFF53F-2088-459A-BD9B-A37BDD641CE8}.Debug|Any CPU.Build.0 = Debug|Any CPU
		{47FFF53F-2088-459A-BD9B-A37BDD641CE8}.Release|Any CPU.ActiveCfg = Release|Any CPU
		{47FFF53F-2088-459A-BD9B-A37BDD641CE8}.Release|Any CPU.Build.0 = Release|Any CPU
	EndGlobalSection
	GlobalSection(SolutionProperties) = preSolution
		HideSolutionNode = FALSE
	EndGlobalSection
	GlobalSection(ExtensibilityGlobals) = postSolution
		SolutionGuid = {E563DDAE-97FB-4E54-8AA8-B33C70458951}
	EndGlobalSection
EndGlobal
